
Microsoft Visual Studio Solution File, Format Version 12.00
# Visual Studio Version 18
VisualStudioVersion = 18.2.11408.102
MinimumVisualStudioVersion = 10.0.40219.1
Project("{2150E333-8FDC-42A3-9474-1A3956D46DE8}") = "src", "src", "{02EA681E-C7D8-13C7-8484-4AC65E1B71E8}"
EndProject
Project("{2150E333-8FDC-42A3-9474-1A3956D46DE8}") = "Services", "Services", "{D0E70F1E-23B8-436C-B6CD-F0C299A9FE6C}"
EndProject
Project("{2150E333-8FDC-42A3-9474-1A3956D46DE8}") = "Web", "Web", "{9692C2CB-21E2-40CF-8024-B74EE1D7BADF}"
EndProject
Project("{2150E333-8FDC-42A3-9474-1A3956D46DE8}") = "Building Blocks", "Building Blocks", "{0104E013-E9E9-450E-8D6A-CF3B3B2EF80D}"
EndProject
Project("{2150E333-8FDC-42A3-9474-1A3956D46DE8}") = "Identidade", "Identidade", "{A14EF46B-94B7-4D87-A19E-ABF7F7056C41}"
EndProject
Project("{FAE04EC0-301F-11D3-BF4B-00C04F79EFBC}") = "DM.Identidade.API", "src\services\DM.Identidade.API\DM.Identidade.API.csproj", "{3C570590-DCC0-438C-AE61-26768AB2FF35}"
EndProject
Project("{FAE04EC0-301F-11D3-BF4B-00C04F79EFBC}") = "DM.Loja.MVC", "src\web\DM.Loja.MVC\DM.Loja.MVC.csproj", "{BFF9EAE6-AB63-409A-B029-2FAA0901E84E}"
EndProject
Project("{2150E333-8FDC-42A3-9474-1A3956D46DE8}") = "Core", "Core", "{FAF5C6C6-9F1A-460A-A421-946C5C0C8791}"
EndProject
Project("{FAE04EC0-301F-11D3-BF4B-00C04F79EFBC}") = "DM.Core", "src\building blocks\DM.Core\DM.Core.csproj", "{CDF1A75B-73C2-42E4-8C32-F3FF1AF6138B}"
EndProject
Project("{2150E333-8FDC-42A3-9474-1A3956D46DE8}") = "Carrinho", "Carrinho", "{D6EC004F-3BA4-4758-BE16-80FAA489BC6D}"
EndProject
Project("{2150E333-8FDC-42A3-9474-1A3956D46DE8}") = "Catalogo", "Catalogo", "{FC7FEA86-365B-43A7-901F-29F9C66D1655}"
EndProject
Project("{2150E333-8FDC-42A3-9474-1A3956D46DE8}") = "Cliente", "Cliente", "{61F6CCE9-54D3-4631-8E68-CE62C5C0770E}"
EndProject
Project("{2150E333-8FDC-42A3-9474-1A3956D46DE8}") = "Pagamento", "Pagamento", "{D7BD263D-1514-47D8-83A2-90EE39FC3A37}"
EndProject
Project("{2150E333-8FDC-42A3-9474-1A3956D46DE8}") = "Pedido", "Pedido", "{CBF921EB-59B9-4AF2-9F7E-29FD33884399}"
EndProject
Project("{FAE04EC0-301F-11D3-BF4B-00C04F79EFBC}") = "DM.Carrinho.API", "src\services\DM.Carrinho.API\DM.Carrinho.API.csproj", "{CDAC4136-9949-4C07-B086-0772FF8D112C}"
EndProject
Project("{FAE04EC0-301F-11D3-BF4B-00C04F79EFBC}") = "DM.Catalogo.API", "src\services\DM.Catalogo.API\DM.Catalogo.API.csproj", "{2D0B56E0-B6A0-40E0-927A-639B74F3019B}"
EndProject
Project("{FAE04EC0-301F-11D3-BF4B-00C04F79EFBC}") = "DM.Clientes.API", "src\services\DM.Cliente.API\DM.Clientes.API.csproj", "{293B9C6D-9801-4324-B9AA-B6619EAA1A23}"
EndProject
Project("{FAE04EC0-301F-11D3-BF4B-00C04F79EFBC}") = "DM.Pagamentos.API", "src\services\DM.Pagamento.API\DM.Pagamentos.API.csproj", "{147F9CD0-7204-4070-889C-DAAC53ADA6A1}"
EndProject
Project("{FAE04EC0-301F-11D3-BF4B-00C04F79EFBC}") = "DM.Pedidos.API", "src\services\DM.Pedido.API\DM.Pedidos.API.csproj", "{3748459D-1981-4B20-AFE5-EAE051ECC91E}"
EndProject
Project("{2150E333-8FDC-42A3-9474-1A3956D46DE8}") = "Services", "Services", "{FDA4941C-C875-438A-A443-CC8679F1EB5A}"
EndProject
Project("{FAE04EC0-301F-11D3-BF4B-00C04F79EFBC}") = "DM.WebAPI.Core", "src\building blocks\DM.WebAPI.Core\DM.WebAPI.Core.csproj", "{474AF226-613A-4BD9-A7C3-159F00F6F0CC}"
EndProject
Project("{2150E333-8FDC-42A3-9474-1A3956D46DE8}") = "MessageBus", "MessageBus", "{49270B20-5DDC-4852-AA22-2007F47BFF7D}"
EndProject
Project("{FAE04EC0-301F-11D3-BF4B-00C04F79EFBC}") = "DM.MessageBus", "src\building blocks\DM.MessageBus\DM.MessageBus.csproj", "{4582C1D2-F241-43A9-A84A-84173E89B953}"
EndProject
Project("{2150E333-8FDC-42A3-9474-1A3956D46DE8}") = "ApiGateways", "ApiGateways", "{692D9525-4D10-4293-9C4C-7A20D56ACCA1}"
EndProject
Project("{2150E333-8FDC-42A3-9474-1A3956D46DE8}") = "Compras", "Compras", "{D3C508B3-0F13-4232-8CC2-FA1C84CBE14E}"
EndProject
Project("{FAE04EC0-301F-11D3-BF4B-00C04F79EFBC}") = "DM.BFF.Compras", "src\api gateways\DM.BFF.Compras\DM.BFF.Compras.csproj", "{B1228EE2-90EC-495E-861E-C99B53F6E355}"
EndProject
Project("{FAE04EC0-301F-11D3-BF4B-00C04F79EFBC}") = "DM.Pedidos.Domain", "src\services\DM.Pedido.Domain\DM.Pedidos.Domain.csproj", "{8E51A3BE-9825-41D6-9A7E-CA834794CCC1}"
EndProject
Project("{FAE04EC0-301F-11D3-BF4B-00C04F79EFBC}") = "DM.Pedidos.Infra", "src\services\DM.Pedido.Infra\DM.Pedidos.Infra.csproj", "{37316D24-5905-4CBA-98A1-E9B38AE49EAB}"
EndProject
Global
	GlobalSection(SolutionConfigurationPlatforms) = preSolution
		Debug|Any CPU = Debug|Any CPU
		Release|Any CPU = Release|Any CPU
	EndGlobalSection
	GlobalSection(ProjectConfigurationPlatforms) = postSolution
		{3C570590-DCC0-438C-AE61-26768AB2FF35}.Debug|Any CPU.ActiveCfg = Debug|Any CPU
		{3C570590-DCC0-438C-AE61-26768AB2FF35}.Debug|Any CPU.Build.0 = Debug|Any CPU
		{3C570590-DCC0-438C-AE61-26768AB2FF35}.Release|Any CPU.ActiveCfg = Release|Any CPU
		{3C570590-DCC0-438C-AE61-26768AB2FF35}.Release|Any CPU.Build.0 = Release|Any CPU
		{BFF9EAE6-AB63-409A-B029-2FAA0901E84E}.Debug|Any CPU.ActiveCfg = Debug|Any CPU
		{BFF9EAE6-AB63-409A-B029-2FAA0901E84E}.Debug|Any CPU.Build.0 = Debug|Any CPU
		{BFF9EAE6-AB63-409A-B029-2FAA0901E84E}.Release|Any CPU.ActiveCfg = Release|Any CPU
		{BFF9EAE6-AB63-409A-B029-2FAA0901E84E}.Release|Any CPU.Build.0 = Release|Any CPU
		{CDF1A75B-73C2-42E4-8C32-F3FF1AF6138B}.Debug|Any CPU.ActiveCfg = Debug|Any CPU
		{CDF1A75B-73C2-42E4-8C32-F3FF1AF6138B}.Debug|Any CPU.Build.0 = Debug|Any CPU
		{CDF1A75B-73C2-42E4-8C32-F3FF1AF6138B}.Release|Any CPU.ActiveCfg = Release|Any CPU
		{CDF1A75B-73C2-42E4-8C32-F3FF1AF6138B}.Release|Any CPU.Build.0 = Release|Any CPU
		{CDAC4136-9949-4C07-B086-0772FF8D112C}.Debug|Any CPU.ActiveCfg = Debug|Any CPU
		{CDAC4136-9949-4C07-B086-0772FF8D112C}.Debug|Any CPU.Build.0 = Debug|Any CPU
		{CDAC4136-9949-4C07-B086-0772FF8D112C}.Release|Any CPU.ActiveCfg = Release|Any CPU
		{CDAC4136-9949-4C07-B086-0772FF8D112C}.Release|Any CPU.Build.0 = Release|Any CPU
		{2D0B56E0-B6A0-40E0-927A-639B74F3019B}.Debug|Any CPU.ActiveCfg = Debug|Any CPU
		{2D0B56E0-B6A0-40E0-927A-639B74F3019B}.Debug|Any CPU.Build.0 = Debug|Any CPU
		{2D0B56E0-B6A0-40E0-927A-639B74F3019B}.Release|Any CPU.ActiveCfg = Release|Any CPU
		{2D0B56E0-B6A0-40E0-927A-639B74F3019B}.Release|Any CPU.Build.0 = Release|Any CPU
		{293B9C6D-9801-4324-B9AA-B6619EAA1A23}.Debug|Any CPU.ActiveCfg = Debug|Any CPU
		{293B9C6D-9801-4324-B9AA-B6619EAA1A23}.Debug|Any CPU.Build.0 = Debug|Any CPU
		{293B9C6D-9801-4324-B9AA-B6619EAA1A23}.Release|Any CPU.ActiveCfg = Release|Any CPU
		{293B9C6D-9801-4324-B9AA-B6619EAA1A23}.Release|Any CPU.Build.0 = Release|Any CPU
		{147F9CD0-7204-4070-889C-DAAC53ADA6A1}.Debug|Any CPU.ActiveCfg = Debug|Any CPU
		{147F9CD0-7204-4070-889C-DAAC53ADA6A1}.Debug|Any CPU.Build.0 = Debug|Any CPU
		{147F9CD0-7204-4070-889C-DAAC53ADA6A1}.Release|Any CPU.ActiveCfg = Release|Any CPU
		{147F9CD0-7204-4070-889C-DAAC53ADA6A1}.Release|Any CPU.Build.0 = Release|Any CPU
		{3748459D-1981-4B20-AFE5-EAE051ECC91E}.Debug|Any CPU.ActiveCfg = Debug|Any CPU
		{3748459D-1981-4B20-AFE5-EAE051ECC91E}.Debug|Any CPU.Build.0 = Debug|Any CPU
		{3748459D-1981-4B20-AFE5-EAE051ECC91E}.Release|Any CPU.ActiveCfg = Release|Any CPU
		{3748459D-1981-4B20-AFE5-EAE051ECC91E}.Release|Any CPU.Build.0 = Release|Any CPU
		{474AF226-613A-4BD9-A7C3-159F00F6F0CC}.Debug|Any CPU.ActiveCfg = Debug|Any CPU
		{474AF226-613A-4BD9-A7C3-159F00F6F0CC}.Debug|Any CPU.Build.0 = Debug|Any CPU
		{474AF226-613A-4BD9-A7C3-159F00F6F0CC}.Release|Any CPU.ActiveCfg = Release|Any CPU
		{474AF226-613A-4BD9-A7C3-159F00F6F0CC}.Release|Any CPU.Build.0 = Release|Any CPU
		{4582C1D2-F241-43A9-A84A-84173E89B953}.Debug|Any CPU.ActiveCfg = Debug|Any CPU
		{4582C1D2-F241-43A9-A84A-84173E89B953}.Debug|Any CPU.Build.0 = Debug|Any CPU
		{4582C1D2-F241-43A9-A84A-84173E89B953}.Release|Any CPU.ActiveCfg = Release|Any CPU
		{4582C1D2-F241-43A9-A84A-84173E89B953}.Release|Any CPU.Build.0 = Release|Any CPU
		{B1228EE2-90EC-495E-861E-C99B53F6E355}.Debug|Any CPU.ActiveCfg = Debug|Any CPU
		{B1228EE2-90EC-495E-861E-C99B53F6E355}.Debug|Any CPU.Build.0 = Debug|Any CPU
		{B1228EE2-90EC-495E-861E-C99B53F6E355}.Release|Any CPU.ActiveCfg = Release|Any CPU
		{B1228EE2-90EC-495E-861E-C99B53F6E355}.Release|Any CPU.Build.0 = Release|Any CPU
		{8E51A3BE-9825-41D6-9A7E-CA834794CCC1}.Debug|Any CPU.ActiveCfg = Debug|Any CPU
		{8E51A3BE-9825-41D6-9A7E-CA834794CCC1}.Debug|Any CPU.Build.0 = Debug|Any CPU
		{8E51A3BE-9825-41D6-9A7E-CA834794CCC1}.Release|Any CPU.ActiveCfg = Release|Any CPU
		{8E51A3BE-9825-41D6-9A7E-CA834794CCC1}.Release|Any CPU.Build.0 = Release|Any CPU
		{37316D24-5905-4CBA-98A1-E9B38AE49EAB}.Debug|Any CPU.ActiveCfg = Debug|Any CPU
		{37316D24-5905-4CBA-98A1-E9B38AE49EAB}.Debug|Any CPU.Build.0 = Debug|Any CPU
		{37316D24-5905-4CBA-98A1-E9B38AE49EAB}.Release|Any CPU.ActiveCfg = Release|Any CPU
		{37316D24-5905-4CBA-98A1-E9B38AE49EAB}.Release|Any CPU.Build.0 = Release|Any CPU
	EndGlobalSection
	GlobalSection(SolutionProperties) = preSolution
		HideSolutionNode = FALSE
	EndGlobalSection
	GlobalSection(NestedProjects) = preSolution
		{D0E70F1E-23B8-436C-B6CD-F0C299A9FE6C} = {02EA681E-C7D8-13C7-8484-4AC65E1B71E8}
		{9692C2CB-21E2-40CF-8024-B74EE1D7BADF} = {02EA681E-C7D8-13C7-8484-4AC65E1B71E8}
		{0104E013-E9E9-450E-8D6A-CF3B3B2EF80D} = {02EA681E-C7D8-13C7-8484-4AC65E1B71E8}
		{A14EF46B-94B7-4D87-A19E-ABF7F7056C41} = {D0E70F1E-23B8-436C-B6CD-F0C299A9FE6C}
		{3C570590-DCC0-438C-AE61-26768AB2FF35} = {A14EF46B-94B7-4D87-A19E-ABF7F7056C41}
		{BFF9EAE6-AB63-409A-B029-2FAA0901E84E} = {9692C2CB-21E2-40CF-8024-B74EE1D7BADF}
		{FAF5C6C6-9F1A-460A-A421-946C5C0C8791} = {0104E013-E9E9-450E-8D6A-CF3B3B2EF80D}
		{CDF1A75B-73C2-42E4-8C32-F3FF1AF6138B} = {FAF5C6C6-9F1A-460A-A421-946C5C0C8791}
		{D6EC004F-3BA4-4758-BE16-80FAA489BC6D} = {D0E70F1E-23B8-436C-B6CD-F0C299A9FE6C}
		{FC7FEA86-365B-43A7-901F-29F9C66D1655} = {D0E70F1E-23B8-436C-B6CD-F0C299A9FE6C}
		{61F6CCE9-54D3-4631-8E68-CE62C5C0770E} = {D0E70F1E-23B8-436C-B6CD-F0C299A9FE6C}
		{D7BD263D-1514-47D8-83A2-90EE39FC3A37} = {D0E70F1E-23B8-436C-B6CD-F0C299A9FE6C}
		{CBF921EB-59B9-4AF2-9F7E-29FD33884399} = {D0E70F1E-23B8-436C-B6CD-F0C299A9FE6C}
		{CDAC4136-9949-4C07-B086-0772FF8D112C} = {D6EC004F-3BA4-4758-BE16-80FAA489BC6D}
		{2D0B56E0-B6A0-40E0-927A-639B74F3019B} = {FC7FEA86-365B-43A7-901F-29F9C66D1655}
		{293B9C6D-9801-4324-B9AA-B6619EAA1A23} = {61F6CCE9-54D3-4631-8E68-CE62C5C0770E}
		{147F9CD0-7204-4070-889C-DAAC53ADA6A1} = {D7BD263D-1514-47D8-83A2-90EE39FC3A37}
		{3748459D-1981-4B20-AFE5-EAE051ECC91E} = {CBF921EB-59B9-4AF2-9F7E-29FD33884399}
		{FDA4941C-C875-438A-A443-CC8679F1EB5A} = {0104E013-E9E9-450E-8D6A-CF3B3B2EF80D}
		{474AF226-613A-4BD9-A7C3-159F00F6F0CC} = {FDA4941C-C875-438A-A443-CC8679F1EB5A}
		{49270B20-5DDC-4852-AA22-2007F47BFF7D} = {0104E013-E9E9-450E-8D6A-CF3B3B2EF80D}
		{4582C1D2-F241-43A9-A84A-84173E89B953} = {49270B20-5DDC-4852-AA22-2007F47BFF7D}
		{692D9525-4D10-4293-9C4C-7A20D56ACCA1} = {02EA681E-C7D8-13C7-8484-4AC65E1B71E8}
		{D3C508B3-0F13-4232-8CC2-FA1C84CBE14E} = {692D9525-4D10-4293-9C4C-7A20D56ACCA1}
		{B1228EE2-90EC-495E-861E-C99B53F6E355} = {D3C508B3-0F13-4232-8CC2-FA1C84CBE14E}
		{8E51A3BE-9825-41D6-9A7E-CA834794CCC1} = {CBF921EB-59B9-4AF2-9F7E-29FD33884399}
		{37316D24-5905-4CBA-98A1-E9B38AE49EAB} = {CBF921EB-59B9-4AF2-9F7E-29FD33884399}
	EndGlobalSection
	GlobalSection(ExtensibilityGlobals) = postSolution
		SolutionGuid = {4DE630C8-4325-4174-A906-BE1A89C707D6}
	EndGlobalSection
EndGlobal
